
Microsoft Visual Studio Solution File, Format Version 12.00
# Visual Studio 15
VisualStudioVersion = 15.0.27428.2002
MinimumVisualStudioVersion = 10.0.40219.1
Project("{8BC9CEB8-8B4A-11D0-8D11-00A0C91BC942}") = "AVLTrees", "AVLTrees\AVLTrees.vcxproj", "{EAB042D1-B966-430B-8579-0738DF0B9DFC}"
EndProject
Global
	GlobalSection(SolutionConfigurationPlatforms) = preSolution
		Debug|x64 = Debug|x64
		Debug|x86 = Debug|x86
		Release|x64 = Release|x64
		Release|x86 = Release|x86
	EndGlobalSection
	GlobalSection(ProjectConfigurationPlatforms) = postSolution
		{EAB042D1-B966-430B-8579-0738DF0B9DFC}.Debug|x64.ActiveCfg = Debug|x64
		{EAB042D1-B966-430B-8579-0738DF0B9DFC}.Debug|x64.Build.0 = Debug|x64
		{EAB042D1-B966-430B-8579-0738DF0B9DFC}.Debug|x86.ActiveCfg = Debug|Win32
		{EAB042D1-B966-430B-8579-0738DF0B9DFC}.Debug|x86.Build.0 = Debug|Win32
		{EAB042D1-B966-430B-8579-0738DF0B9DFC}.Release|x64.ActiveCfg = Release|x64
		{EAB042D1-B966-430B-8579-0738DF0B9DFC}.Release|x64.Build.0 = Release|x64
		{EAB042D1-B966-430B-8579-0738DF0B9DFC}.Release|x86.ActiveCfg = Release|Win32
		{EAB042D1-B966-430B-8579-0738DF0B9DFC}.Release|x86.Build.0 = Release|Win32
	EndGlobalSection
	GlobalSection(SolutionProperties) = preSolution
		HideSolutionNode = FALSE
	EndGlobalSection
	GlobalSection(ExtensibilityGlobals) = postSolution
		SolutionGuid = {8C5DAE5F-4187-46DE-97C2-C3C3ECFA68E2}
	EndGlobalSection
EndGlobal
