
Microsoft Visual Studio Solution File, Format Version 12.00
# Visual Studio 15
VisualStudioVersion = 15.0.27428.2002
MinimumVisualStudioVersion = 10.0.40219.1
Project("{8BC9CEB8-8B4A-11D0-8D11-00A0C91BC942}") = "LinkedQueueImplementation", "LinkedQueueImplementation\LinkedQueueImplementation.vcxproj", "{FF548C76-18ED-4A7A-B786-DC276C8A49EB}"
EndProject
Global
	GlobalSection(SolutionConfigurationPlatforms) = preSolution
		Debug|x64 = Debug|x64
		Debug|x86 = Debug|x86
		Release|x64 = Release|x64
		Release|x86 = Release|x86
	EndGlobalSection
	GlobalSection(ProjectConfigurationPlatforms) = postSolution
		{FF548C76-18ED-4A7A-B786-DC276C8A49EB}.Debug|x64.ActiveCfg = Debug|x64
		{FF548C76-18ED-4A7A-B786-DC276C8A49EB}.Debug|x64.Build.0 = Debug|x64
		{FF548C76-18ED-4A7A-B786-DC276C8A49EB}.Debug|x86.ActiveCfg = Debug|Win32
		{FF548C76-18ED-4A7A-B786-DC276C8A49EB}.Debug|x86.Build.0 = Debug|Win32
		{FF548C76-18ED-4A7A-B786-DC276C8A49EB}.Release|x64.ActiveCfg = Release|x64
		{FF548C76-18ED-4A7A-B786-DC276C8A49EB}.Release|x64.Build.0 = Release|x64
		{FF548C76-18ED-4A7A-B786-DC276C8A49EB}.Release|x86.ActiveCfg = Release|Win32
		{FF548C76-18ED-4A7A-B786-DC276C8A49EB}.Release|x86.Build.0 = Release|Win32
	EndGlobalSection
	GlobalSection(SolutionProperties) = preSolution
		HideSolutionNode = FALSE
	EndGlobalSection
	GlobalSection(ExtensibilityGlobals) = postSolution
		SolutionGuid = {001A71F8-BC09-4896-AC05-8DB6B6999E60}
	EndGlobalSection
EndGlobal
